
Microsoft Visual Studio Solution File, Format Version 12.00
# Visual Studio Version 16
VisualStudioVersion = 16.0.30907.101
MinimumVisualStudioVersion = 10.0.40219.1
Project("{FAE04EC0-301F-11D3-BF4B-00C04F79EFBC}") = "LoginIdentity", "LoginIdentity.csproj", "{9CA530A6-A381-4D15-9B1E-D3DD44D52FE4}"
EndProject
Global
	GlobalSection(SolutionConfigurationPlatforms) = preSolution
		Debug|Any CPU = Debug|Any CPU
		Release|Any CPU = Release|Any CPU
	EndGlobalSection
	GlobalSection(ProjectConfigurationPlatforms) = postSolution
		{9CA530A6-A381-4D15-9B1E-D3DD44D52FE4}.Debug|Any CPU.ActiveCfg = Debug|Any CPU
		{9CA530A6-A381-4D15-9B1E-D3DD44D52FE4}.Debug|Any CPU.Build.0 = Debug|Any CPU
		{9CA530A6-A381-4D15-9B1E-D3DD44D52FE4}.Release|Any CPU.ActiveCfg = Release|Any CPU
		{9CA530A6-A381-4D15-9B1E-D3DD44D52FE4}.Release|Any CPU.Build.0 = Release|Any CPU
	EndGlobalSection
	GlobalSection(SolutionProperties) = preSolution
		HideSolutionNode = FALSE
	EndGlobalSection
	GlobalSection(ExtensibilityGlobals) = postSolution
		SolutionGuid = {3467AB8F-1477-41FE-93DB-1B4BAA0B6C06}
	EndGlobalSection
EndGlobal
